
Microsoft Visual Studio Solution File, Format Version 12.00
# Visual Studio 15
VisualStudioVersion = 15.0.28307.705
MinimumVisualStudioVersion = 10.0.40219.1
Project("{888888A0-9F3D-457C-B088-3A5042F75D52}") = "PyKLV", "PyKLV\PyKLV.pyproj", "{86646A4C-718A-4E7F-BBD4-BC30F34342D4}"
EndProject
Global
	GlobalSection(SolutionConfigurationPlatforms) = preSolution
		Debug|Any CPU = Debug|Any CPU
		Release|Any CPU = Release|Any CPU
	EndGlobalSection
	GlobalSection(ProjectConfigurationPlatforms) = postSolution
		{86646A4C-718A-4E7F-BBD4-BC30F34342D4}.Debug|Any CPU.ActiveCfg = Debug|Any CPU
		{86646A4C-718A-4E7F-BBD4-BC30F34342D4}.Release|Any CPU.ActiveCfg = Release|Any CPU
	EndGlobalSection
	GlobalSection(SolutionProperties) = preSolution
		HideSolutionNode = FALSE
	EndGlobalSection
	GlobalSection(ExtensibilityGlobals) = postSolution
		SolutionGuid = {0ED91173-26C4-4313-8A38-BA5C78905095}
	EndGlobalSection
EndGlobal
